// !$*UTF8*$!
{
	archiveVersion = 1;
	classes = {
	};
	objectVersion = 46;
	objects = {

/* Begin PBXBuildFile section */
		FD8D73C61E08C7A300D1C8CD /* BLib.m in Sources */ = {isa = PBXBuildFile; fileRef = FD8D73C51E08C7A300D1C8CD /* BLib.m */; };
		FD8D73C71E08C7A300D1C8CD /* BLib.h in CopyFiles */ = {isa = PBXBuildFile; fileRef = FD8D73C41E08C7A300D1C8CD /* BLib.h */; };
/* End PBXBuildFile section */

/* Begin PBXCopyFilesBuildPhase section */
		FD8D73BF1E08C7A300D1C8CD /* CopyFiles */ = {
			isa = PBXCopyFilesBuildPhase;
			buildActionMask = 2147483647;
			dstPath = "include/$(PRODUCT_NAME)";
			dstSubfolderSpec = 16;
			files = (
				FD8D73C71E08C7A300D1C8CD /* BLib.h in CopyFiles */,
			);
			runOnlyForDeploymentPostprocessing = 0;
		};
/* End PBXCopyFilesBuildPhase section */

/* Begin PBXFileReference section */
		FD8D73C11E08C7A300D1C8CD /* libBLib.a */ = {isa = PBXFileReference; explicitFileType = archive.ar; includeInIndex = 0; path = libBLib.a; sourceTree = BUILT_PRODUCTS_DIR; };
		FD8D73C41E08C7A300D1C8CD /* BLib.h */ = {isa = PBXFileReference; lastKnownFileType = sourcecode.c.h; path = BLib.h; sourceTree = "<group>"; };
		FD8D73C51E08C7A300D1C8CD /* BLib.m */ = {isa = PBXFileReference; lastKnownFileType = sourcecode.c.objc; path = BLib.m; sourceTree = "<group>"; };
/* End PBXFileReference section */

/* Begin PBXFrameworksBuildPhase section */
		FD8D73BE1E08C7A300D1C8CD /* Frameworks */ = {
			isa = PBXFrameworksBuildPhase;
			buildActionMask = 2147483647;
			files = (
			);
			runOnlyForDeploymentPostprocessing = 0;
		};
/* End PBXFrameworksBuildPhase section */

/* Begin PBXGroup section */
		FD8D73B81E08C7A300D1C8CD = {
			isa = PBXGroup;
			children = (
				FD8D73C31E08C7A300D1C8CD /* BLib */,
				FD8D73C21E08C7A300D1C8CD /* Products */,
			);
			sourceTree = "<group>";
		};
		FD8D73C21E08C7A300D1C8CD /* Products */ = {
			isa = PBXGroup;
			children = (
				FD8D73C11E08C7A300D1C8CD /* libBLib.a */,
			);
			name = Products;
			sourceTree = "<group>";
		};
		FD8D73C31E08C7A300D1C8CD /* BLib */ = {
			isa = PBXGroup;
			children = (
				FD8D73C41E08C7A300D1C8CD /* BLib.h */,
				FD8D73C51E08C7A300D1C8CD /* BLib.m */,
			);
			path = BLib;
			sourceTree = "<group>";
		};
/* End PBXGroup section */

/* Begin PBXNativeTarget section */
		FD8D73C01E08C7A300D1C8CD /* BLib */ = {
			isa = PBXNativeTarget;
			buildConfigurationList = FD8D73CA1E08C7A300D1C8CD /* Build configuration list for PBXNativeTarget "BLib" */;
			buildPhases = (
				FD8D73BD1E08C7A300D1C8CD /* Sources */,
				FD8D73BE1E08C7A300D1C8CD /* Frameworks */,
				FD8D73BF1E08C7A300D1C8CD /* CopyFiles */,
			);
			buildRules = (
			);
			dependencies = (
			);
			name = BLib;
			productName = BLib;
			productReference = FD8D73C11E08C7A300D1C8CD /* libBLib.a */;
			productType = "com.apple.product-type.library.static";
		};
/* End PBXNativeTarget section */

/* Begin PBXProject section */
		FD8D73B91E08C7A300D1C8CD /* Project object */ = {
			isa = PBXProject;
			attributes = {
				LastUpgradeCheck = 0810;
				ORGANIZATIONNAME = test;
				TargetAttributes = {
					FD8D73C01E08C7A300D1C8CD = {
						CreatedOnToolsVersion = 8.1;
						DevelopmentTeam = A478ENRUX2;
						ProvisioningStyle = Automatic;
					};
				};
			};
			buildConfigurationList = FD8D73BC1E08C7A300D1C8CD /* Build configuration list for PBXProject "BLib" */;
			compatibilityVersion = "Xcode 3.2";
			developmentRegion = English;
			hasScannedForEncodings = 0;
			knownRegions = (
				en,
			);
			mainGroup = FD8D73B81E08C7A300D1C8CD;
			productRefGroup = FD8D73C21E08C7A300D1C8CD /* Products */;
			projectDirPath = "";
			projectRoot = "";
			targets = (
				FD8D73C01E08C7A300D1C8CD /* BLib */,
			);
		};
/* End PBXProject section */

/* Begin PBXSourcesBuildPhase section */
		FD8D73BD1E08C7A300D1C8CD /* Sources */ = {
			isa = PBXSourcesBuildPhase;
			buildActionMask = 2147483647;
			files = (
				FD8D73C61E08C7A300D1C8CD /* BLib.m in Sources */,
			);
			runOnlyForDeploymentPostprocessing = 0;
		};
/* End PBXSourcesBuildPhase section */

/* Begin XCBuildConfiguration section */
		FD8D73C81E08C7A300D1C8CD /* Debug */ = {
			isa = XCBuildConfiguration;
			buildSettings = {
				ALWAYS_SEARCH_USER_PATHS = NO;
				CLANG_ANALYZER_NONNULL = YES;
				CLANG_CXX_LANGUAGE_STANDARD = "gnu++0x";
				CLANG_CXX_LIBRARY = "libc++";
				CLANG_ENABLE_MODULES = YES;
				CLANG_ENABLE_OBJC_ARC = YES;
				CLANG_WARN_BOOL_CONVERSION = YES;
				CLANG_WARN_CONSTANT_CONVERSION = YES;
				CLANG_WARN_DIRECT_OBJC_ISA_USAGE = YES_ERROR;
				CLANG_WARN_DOCUMENTATION_COMMENTS = YES;
				CLANG_WARN_EMPTY_BODY = YES;
				CLANG_WARN_ENUM_CONVERSION = YES;
				CLANG_WARN_INFINITE_RECURSION = YES;
				CLANG_WARN_INT_CONVERSION = YES;
				CLANG_WARN_OBJC_ROOT_CLASS = YES_ERROR;
				CLANG_WARN_SUSPICIOUS_MOVES = YES;
				CLANG_WARN_UNREACHABLE_CODE = YES;
				CLANG_WARN__DUPLICATE_METHOD_MATCH = YES;
				"CODE_SIGN_IDENTITY[sdk=iphoneos*]" = "iPhone Developer";
				COPY_PHASE_STRIP = NO;
				DEBUG_INFORMATION_FORMAT = dwarf;
				ENABLE_STRICT_OBJC_MSGSEND = YES;
				ENABLE_TESTABILITY = YES;
				GCC_C_LANGUAGE_STANDARD = gnu99;
				GCC_DYNAMIC_NO_PIC = NO;
				GCC_NO_COMMON_BLOCKS = YES;
				GCC_OPTIMIZATION_LEVEL = 0;
				GCC_PREPROCESSOR_DEFINITIONS = (
					"DEBUG=1",
					"$(inherited)",
				);
				GCC_WARN_64_TO_32_BIT_CONVERSION = YES;
				GCC_WARN_ABOUT_RETURN_TYPE = YES_ERROR;
				GCC_WARN_UNDECLARED_SELECTOR = YES;
				GCC_WARN_UNINITIALIZED_AUTOS = YES_AGGRESSIVE;
				GCC_WARN_UNUSED_FUNCTION = YES;
				GCC_WARN_UNUSED_VARIABLE = YES;
				IPHONEOS_DEPLOYMENT_TARGET = 10.1;
				MTL_ENABLE_DEBUG_INFO = YES;
				ONLY_ACTIVE_ARCH = YES;
				SDKROOT = iphoneos;
			};
			name = Debug;
		};
		FD8D73C91E08C7A300D1C8CD /* Release */ = {
			isa = XCBuildConfiguration;
			buildSettings = {
				ALWAYS_SEARCH_USER_PATHS = NO;
				CLANG_ANALYZER_NONNULL = YES;
				CLANG_CXX_LANGUAGE_STANDARD = "gnu++0x";
				CLANG_CXX_LIBRARY = "libc++";
				CLANG_ENABLE_MODULES = YES;
				CLANG_ENABLE_OBJC_ARC = YES;
				CLANG_WARN_BOOL_CONVERSION = YES;
				CLANG_WARN_CONSTANT_CONVERSION = YES;
				CLANG_WARN_DIRECT_OBJC_ISA_USAGE = YES_ERROR;
				CLANG_WARN_DOCUMENTATION_COMMENTS = YES;
				CLANG_WARN_EMPTY_BODY = YES;
				CLANG_WARN_ENUM_CONVERSION = YES;
				CLANG_WARN_INFINITE_RECURSION = YES;
				CLANG_WARN_INT_CONVERSION = YES;
				CLANG_WARN_OBJC_ROOT_CLASS = YES_ERROR;
				CLANG_WARN_SUSPICIOUS_MOVES = YES;
				CLANG_WARN_UNREACHABLE_CODE = YES;
				CLANG_WARN__DUPLICATE_METHOD_MATCH = YES;
				"CODE_SIGN_IDENTITY[sdk=iphoneos*]" = "iPhone Developer";
				COPY_PHASE_STRIP = NO;
				DEBUG_INFORMATION_FORMAT = "dwarf-with-dsym";
				ENABLE_NS_ASSERTIONS = NO;
				ENABLE_STRICT_OBJC_MSGSEND = YES;
				GCC_C_LANGUAGE_STANDARD = gnu99;
				GCC_NO_COMMON_BLOCKS = YES;
				GCC_WARN_64_TO_32_BIT_CONVERSION = YES;
				GCC_WARN_ABOUT_RETURN_TYPE = YES_ERROR;
				GCC_WARN_UNDECLARED_SELECTOR = YES;
				GCC_WARN_UNINITIALIZED_AUTOS = YES_AGGRESSIVE;
				GCC_WARN_UNUSED_FUNCTION = YES;
				GCC_WARN_UNUSED_VARIABLE = YES;
				IPHONEOS_DEPLOYMENT_TARGET = 10.1;
				MTL_ENABLE_DEBUG_INFO = NO;
				SDKROOT = iphoneos;
				VALIDATE_PRODUCT = YES;
			};
			name = Release;
		};
		FD8D73CB1E08C7A300D1C8CD /* Debug */ = {
			isa = XCBuildConfiguration;
			buildSettings = {
				DEVELOPMENT_TEAM = A478ENRUX2;
				OTHER_LDFLAGS = "-ObjC";
				PRODUCT_NAME = "$(TARGET_NAME)";
				SKIP_INSTALL = YES;
			};
			name = Debug;
		};
		FD8D73CC1E08C7A300D1C8CD /* Release */ = {
			isa = XCBuildConfiguration;
			buildSettings = {
				DEVELOPMENT_TEAM = A478ENRUX2;
				OTHER_LDFLAGS = "-ObjC";
				PRODUCT_NAME = "$(TARGET_NAME)";
				SKIP_INSTALL = YES;
			};
			name = Release;
		};
/* End XCBuildConfiguration section */

/* Begin XCConfigurationList section */
		FD8D73BC1E08C7A300D1C8CD /* Build configuration list for PBXProject "BLib" */ = {
			isa = XCConfigurationList;
			buildConfigurations = (
				FD8D73C81E08C7A300D1C8CD /* Debug */,
				FD8D73C91E08C7A300D1C8CD /* Release */,
			);
			defaultConfigurationIsVisible = 0;
			defaultConfigurationName = Release;
		};
		FD8D73CA1E08C7A300D1C8CD /* Build configuration list for PBXNativeTarget "BLib" */ = {
			isa = XCConfigurationList;
			buildConfigurations = (
				FD8D73CB1E08C7A300D1C8CD /* Debug */,
				FD8D73CC1E08C7A300D1C8CD /* Release */,
			);
			defaultConfigurationIsVisible = 0;
		};
/* End XCConfigurationList section */
	};
	rootObject = FD8D73B91E08C7A300D1C8CD /* Project object */;
}
